
Microsoft Visual Studio Solution File, Format Version 12.00
# Visual Studio Version 17
VisualStudioVersion = 17.4.33103.184
MinimumVisualStudioVersion = 10.0.40219.1
Project("{9A19103F-16F7-4668-BE54-9A1E7A4F7556}") = "Sample.Api", "Sample.Api\Sample.Api.csproj", "{3476EC61-73C8-4220-93CE-62E60E0D173E}"
EndProject
Project("{9A19103F-16F7-4668-BE54-9A1E7A4F7556}") = "Sample.Test", "Sample.Test\Sample.Test.csproj", "{CBAA34A9-A7EE-4D6C-A032-0373E5E48DCF}"
EndProject
Project("{9A19103F-16F7-4668-BE54-9A1E7A4F7556}") = "Sample.Infrastructure", "Sample.Infrastructure\Sample.Infrastructure.csproj", "{ED302362-9643-4B56-80EA-4E610CA1FDF4}"
EndProject
Project("{9A19103F-16F7-4668-BE54-9A1E7A4F7556}") = "Sample.Core", "Sample.Domain\Sample.Core.csproj", "{7B004768-70DD-4EDB-8A26-1005AC863FE8}"
EndProject
Project("{9A19103F-16F7-4668-BE54-9A1E7A4F7556}") = "Sample.Application", "Sample.Application\Sample.Application.csproj", "{9C49DC5E-6D73-4646-AE2B-DE8E53440F84}"
EndProject
Global
	GlobalSection(SolutionConfigurationPlatforms) = preSolution
		Debug|Any CPU = Debug|Any CPU
		Release|Any CPU = Release|Any CPU
	EndGlobalSection
	GlobalSection(ProjectConfigurationPlatforms) = postSolution
		{3476EC61-73C8-4220-93CE-62E60E0D173E}.Debug|Any CPU.ActiveCfg = Debug|Any CPU
		{3476EC61-73C8-4220-93CE-62E60E0D173E}.Debug|Any CPU.Build.0 = Debug|Any CPU
		{3476EC61-73C8-4220-93CE-62E60E0D173E}.Release|Any CPU.ActiveCfg = Release|Any CPU
		{3476EC61-73C8-4220-93CE-62E60E0D173E}.Release|Any CPU.Build.0 = Release|Any CPU
		{CBAA34A9-A7EE-4D6C-A032-0373E5E48DCF}.Debug|Any CPU.ActiveCfg = Debug|Any CPU
		{CBAA34A9-A7EE-4D6C-A032-0373E5E48DCF}.Debug|Any CPU.Build.0 = Debug|Any CPU
		{CBAA34A9-A7EE-4D6C-A032-0373E5E48DCF}.Release|Any CPU.ActiveCfg = Release|Any CPU
		{CBAA34A9-A7EE-4D6C-A032-0373E5E48DCF}.Release|Any CPU.Build.0 = Release|Any CPU
		{ED302362-9643-4B56-80EA-4E610CA1FDF4}.Debug|Any CPU.ActiveCfg = Debug|Any CPU
		{ED302362-9643-4B56-80EA-4E610CA1FDF4}.Debug|Any CPU.Build.0 = Debug|Any CPU
		{ED302362-9643-4B56-80EA-4E610CA1FDF4}.Release|Any CPU.ActiveCfg = Release|Any CPU
		{ED302362-9643-4B56-80EA-4E610CA1FDF4}.Release|Any CPU.Build.0 = Release|Any CPU
		{7B004768-70DD-4EDB-8A26-1005AC863FE8}.Debug|Any CPU.ActiveCfg = Debug|Any CPU
		{7B004768-70DD-4EDB-8A26-1005AC863FE8}.Debug|Any CPU.Build.0 = Debug|Any CPU
		{7B004768-70DD-4EDB-8A26-1005AC863FE8}.Release|Any CPU.ActiveCfg = Release|Any CPU
		{7B004768-70DD-4EDB-8A26-1005AC863FE8}.Release|Any CPU.Build.0 = Release|Any CPU
		{9C49DC5E-6D73-4646-AE2B-DE8E53440F84}.Debug|Any CPU.ActiveCfg = Debug|Any CPU
		{9C49DC5E-6D73-4646-AE2B-DE8E53440F84}.Debug|Any CPU.Build.0 = Debug|Any CPU
		{9C49DC5E-6D73-4646-AE2B-DE8E53440F84}.Release|Any CPU.ActiveCfg = Release|Any CPU
		{9C49DC5E-6D73-4646-AE2B-DE8E53440F84}.Release|Any CPU.Build.0 = Release|Any CPU
	EndGlobalSection
	GlobalSection(SolutionProperties) = preSolution
		HideSolutionNode = FALSE
	EndGlobalSection
	GlobalSection(ExtensibilityGlobals) = postSolution
		SolutionGuid = {B4F1DC4F-F8C1-4E93-9C6B-E494554C1CDC}
	EndGlobalSection
EndGlobal
